
Microsoft Visual Studio Solution File, Format Version 12.00
# Visual Studio 15
VisualStudioVersion = 15.0.28307.168
MinimumVisualStudioVersion = 10.0.40219.1
Project("{FAE04EC0-301F-11D3-BF4B-00C04F79EFBC}") = "Dvdteka", "Dvdteka\Dvdteka.csproj", "{E3F51914-CEB5-41F1-AE0F-46CDBF5AC0DE}"
EndProject
Global
	GlobalSection(SolutionConfigurationPlatforms) = preSolution
		Debug|Any CPU = Debug|Any CPU
		Release|Any CPU = Release|Any CPU
	EndGlobalSection
	GlobalSection(ProjectConfigurationPlatforms) = postSolution
		{E3F51914-CEB5-41F1-AE0F-46CDBF5AC0DE}.Debug|Any CPU.ActiveCfg = Debug|Any CPU
		{E3F51914-CEB5-41F1-AE0F-46CDBF5AC0DE}.Debug|Any CPU.Build.0 = Debug|Any CPU
		{E3F51914-CEB5-41F1-AE0F-46CDBF5AC0DE}.Release|Any CPU.ActiveCfg = Release|Any CPU
		{E3F51914-CEB5-41F1-AE0F-46CDBF5AC0DE}.Release|Any CPU.Build.0 = Release|Any CPU
	EndGlobalSection
	GlobalSection(SolutionProperties) = preSolution
		HideSolutionNode = FALSE
	EndGlobalSection
	GlobalSection(ExtensibilityGlobals) = postSolution
		SolutionGuid = {B10C9177-FD98-40C2-812B-078C2DBB02CC}
	EndGlobalSection
EndGlobal
